
Microsoft Visual Studio Solution File, Format Version 12.00
# Visual Studio Version 16
VisualStudioVersion = 16.0.809.6
MinimumVisualStudioVersion = 10.0.40219.1
Project("{FAE04EC0-301F-11D3-BF4B-00C04F79EFBC}") = "Boggle", "Boggle\Boggle.csproj", "{2B2362BF-CD4A-4D20-B516-CCF5CFDE881A}"
EndProject
Global
	GlobalSection(SolutionConfigurationPlatforms) = preSolution
		Debug|Any CPU = Debug|Any CPU
		Release|Any CPU = Release|Any CPU
	EndGlobalSection
	GlobalSection(ProjectConfigurationPlatforms) = postSolution
		{2B2362BF-CD4A-4D20-B516-CCF5CFDE881A}.Debug|Any CPU.ActiveCfg = Debug|Any CPU
		{2B2362BF-CD4A-4D20-B516-CCF5CFDE881A}.Debug|Any CPU.Build.0 = Debug|Any CPU
		{2B2362BF-CD4A-4D20-B516-CCF5CFDE881A}.Release|Any CPU.ActiveCfg = Release|Any CPU
		{2B2362BF-CD4A-4D20-B516-CCF5CFDE881A}.Release|Any CPU.Build.0 = Release|Any CPU
	EndGlobalSection
	GlobalSection(SolutionProperties) = preSolution
		HideSolutionNode = FALSE
	EndGlobalSection
	GlobalSection(ExtensibilityGlobals) = postSolution
		SolutionGuid = {5B9CE25B-580D-4B87-AF86-9530551AF10B}
	EndGlobalSection
EndGlobal
