
Microsoft Visual Studio Solution File, Format Version 12.00
# Visual Studio Version 16
VisualStudioVersion = 16.0.809.3
MinimumVisualStudioVersion = 10.0.40219.1
Project("{FAE04EC0-301F-11D3-BF4B-00C04F79EFBC}") = "Boggle", "Boggle\Boggle.csproj", "{B5CE4DC0-41D5-48B4-9DD9-CC1BD1B63962}"
EndProject
Global
	GlobalSection(SolutionConfigurationPlatforms) = preSolution
		Debug|Any CPU = Debug|Any CPU
		Release|Any CPU = Release|Any CPU
	EndGlobalSection
	GlobalSection(ProjectConfigurationPlatforms) = postSolution
		{B5CE4DC0-41D5-48B4-9DD9-CC1BD1B63962}.Debug|Any CPU.ActiveCfg = Debug|Any CPU
		{B5CE4DC0-41D5-48B4-9DD9-CC1BD1B63962}.Debug|Any CPU.Build.0 = Debug|Any CPU
		{B5CE4DC0-41D5-48B4-9DD9-CC1BD1B63962}.Release|Any CPU.ActiveCfg = Release|Any CPU
		{B5CE4DC0-41D5-48B4-9DD9-CC1BD1B63962}.Release|Any CPU.Build.0 = Release|Any CPU
	EndGlobalSection
	GlobalSection(SolutionProperties) = preSolution
		HideSolutionNode = FALSE
	EndGlobalSection
	GlobalSection(ExtensibilityGlobals) = postSolution
		SolutionGuid = {CC1DFC3B-0729-4273-BA18-C905A3225AE2}
	EndGlobalSection
EndGlobal
